// !$*UTF8*$!
{
	archiveVersion = 1;
	classes = {
	};
	objectVersion = 50;
	objects = {

/* Begin PBXBuildFile section */
		84F354DA254BE51200DA4AA6 /* AppDelegate.swift in Sources */ = {isa = PBXBuildFile; fileRef = 84F354D9254BE51200DA4AA6 /* AppDelegate.swift */; };
		84F354DC254BE51200DA4AA6 /* SceneDelegate.swift in Sources */ = {isa = PBXBuildFile; fileRef = 84F354DB254BE51200DA4AA6 /* SceneDelegate.swift */; };
		84F354DE254BE51200DA4AA6 /* HomeViewController.swift in Sources */ = {isa = PBXBuildFile; fileRef = 84F354DD254BE51200DA4AA6 /* HomeViewController.swift */; };
		84F354E1254BE51200DA4AA6 /* Main.storyboard in Resources */ = {isa = PBXBuildFile; fileRef = 84F354DF254BE51200DA4AA6 /* Main.storyboard */; };
		84F354E3254BE52200DA4AA6 /* Assets.xcassets in Resources */ = {isa = PBXBuildFile; fileRef = 84F354E2254BE52200DA4AA6 /* Assets.xcassets */; };
		84F354E6254BE52200DA4AA6 /* LaunchScreen.storyboard in Resources */ = {isa = PBXBuildFile; fileRef = 84F354E4254BE52200DA4AA6 /* LaunchScreen.storyboard */; };
		84F354F2254BE5EF00DA4AA6 /* HomeViewModel.swift in Sources */ = {isa = PBXBuildFile; fileRef = 84F354F1254BE5EF00DA4AA6 /* HomeViewModel.swift */; };
		84F354F6254BE85800DA4AA6 /* WeatherService.swift in Sources */ = {isa = PBXBuildFile; fileRef = 84F354F5254BE85800DA4AA6 /* WeatherService.swift */; };
		84F354FB254BE89100DA4AA6 /* WeatherCity.swift in Sources */ = {isa = PBXBuildFile; fileRef = 84F354FA254BE89100DA4AA6 /* WeatherCity.swift */; };
		84F35500254BEAEA00DA4AA6 /* EndpointBuilder.swift in Sources */ = {isa = PBXBuildFile; fileRef = 84F354FF254BEAEA00DA4AA6 /* EndpointBuilder.swift */; };
		84F35509254BF20F00DA4AA6 /* WeatherCell.swift in Sources */ = {isa = PBXBuildFile; fileRef = 84F35507254BF20F00DA4AA6 /* WeatherCell.swift */; };
		84F3550A254BF20F00DA4AA6 /* WeatherCell.xib in Resources */ = {isa = PBXBuildFile; fileRef = 84F35508254BF20F00DA4AA6 /* WeatherCell.xib */; };
		84F3550E254C087100DA4AA6 /* DetailWeatherViewController.swift in Sources */ = {isa = PBXBuildFile; fileRef = 84F3550D254C087100DA4AA6 /* DetailWeatherViewController.swift */; };
		84F35512254C095F00DA4AA6 /* DetailWeatherViewModel.swift in Sources */ = {isa = PBXBuildFile; fileRef = 84F35511254C095F00DA4AA6 /* DetailWeatherViewModel.swift */; };
/* End PBXBuildFile section */

/* Begin PBXFileReference section */
		84F354D6254BE51200DA4AA6 /* WeatherSearch.app */ = {isa = PBXFileReference; explicitFileType = wrapper.application; includeInIndex = 0; path = WeatherSearch.app; sourceTree = BUILT_PRODUCTS_DIR; };
		84F354D9254BE51200DA4AA6 /* AppDelegate.swift */ = {isa = PBXFileReference; lastKnownFileType = sourcecode.swift; path = AppDelegate.swift; sourceTree = "<group>"; };
		84F354DB254BE51200DA4AA6 /* SceneDelegate.swift */ = {isa = PBXFileReference; lastKnownFileType = sourcecode.swift; path = SceneDelegate.swift; sourceTree = "<group>"; };
		84F354DD254BE51200DA4AA6 /* HomeViewController.swift */ = {isa = PBXFileReference; lastKnownFileType = sourcecode.swift; path = HomeViewController.swift; sourceTree = "<group>"; };
		84F354E0254BE51200DA4AA6 /* Base */ = {isa = PBXFileReference; lastKnownFileType = file.storyboard; name = Base; path = Base.lproj/Main.storyboard; sourceTree = "<group>"; };
		84F354E2254BE52200DA4AA6 /* Assets.xcassets */ = {isa = PBXFileReference; lastKnownFileType = folder.assetcatalog; path = Assets.xcassets; sourceTree = "<group>"; };
		84F354E5254BE52200DA4AA6 /* Base */ = {isa = PBXFileReference; lastKnownFileType = file.storyboard; name = Base; path = Base.lproj/LaunchScreen.storyboard; sourceTree = "<group>"; };
		84F354E7254BE52200DA4AA6 /* Info.plist */ = {isa = PBXFileReference; lastKnownFileType = text.plist.xml; path = Info.plist; sourceTree = "<group>"; };
		84F354F1254BE5EF00DA4AA6 /* HomeViewModel.swift */ = {isa = PBXFileReference; lastKnownFileType = sourcecode.swift; path = HomeViewModel.swift; sourceTree = "<group>"; };
		84F354F5254BE85800DA4AA6 /* WeatherService.swift */ = {isa = PBXFileReference; lastKnownFileType = sourcecode.swift; path = WeatherService.swift; sourceTree = "<group>"; };
		84F354FA254BE89100DA4AA6 /* WeatherCity.swift */ = {isa = PBXFileReference; lastKnownFileType = sourcecode.swift; path = WeatherCity.swift; sourceTree = "<group>"; };
		84F354FF254BEAEA00DA4AA6 /* EndpointBuilder.swift */ = {isa = PBXFileReference; lastKnownFileType = sourcecode.swift; path = EndpointBuilder.swift; sourceTree = "<group>"; };
		84F35507254BF20F00DA4AA6 /* WeatherCell.swift */ = {isa = PBXFileReference; lastKnownFileType = sourcecode.swift; path = WeatherCell.swift; sourceTree = "<group>"; };
		84F35508254BF20F00DA4AA6 /* WeatherCell.xib */ = {isa = PBXFileReference; lastKnownFileType = file.xib; path = WeatherCell.xib; sourceTree = "<group>"; };
		84F3550D254C087100DA4AA6 /* DetailWeatherViewController.swift */ = {isa = PBXFileReference; lastKnownFileType = sourcecode.swift; path = DetailWeatherViewController.swift; sourceTree = "<group>"; };
		84F35511254C095F00DA4AA6 /* DetailWeatherViewModel.swift */ = {isa = PBXFileReference; lastKnownFileType = sourcecode.swift; path = DetailWeatherViewModel.swift; sourceTree = "<group>"; };
/* End PBXFileReference section */

/* Begin PBXFrameworksBuildPhase section */
		84F354D3254BE51200DA4AA6 /* Frameworks */ = {
			isa = PBXFrameworksBuildPhase;
			buildActionMask = 2147483647;
			files = (
			);
			runOnlyForDeploymentPostprocessing = 0;
		};
/* End PBXFrameworksBuildPhase section */

/* Begin PBXGroup section */
		84F354CD254BE51200DA4AA6 = {
			isa = PBXGroup;
			children = (
				84F354D8254BE51200DA4AA6 /* WeatherSearch */,
				84F354D7254BE51200DA4AA6 /* Products */,
			);
			sourceTree = "<group>";
		};
		84F354D7254BE51200DA4AA6 /* Products */ = {
			isa = PBXGroup;
			children = (
				84F354D6254BE51200DA4AA6 /* WeatherSearch.app */,
			);
			name = Products;
			sourceTree = "<group>";
		};
		84F354D8254BE51200DA4AA6 /* WeatherSearch */ = {
			isa = PBXGroup;
			children = (
				84F354F9254BE88000DA4AA6 /* Model */,
				84F354F4254BE83B00DA4AA6 /* Services */,
				84F354EE254BE57900DA4AA6 /* Modules */,
				84F354D9254BE51200DA4AA6 /* AppDelegate.swift */,
				84F354DB254BE51200DA4AA6 /* SceneDelegate.swift */,
				84F354DF254BE51200DA4AA6 /* Main.storyboard */,
				84F354E2254BE52200DA4AA6 /* Assets.xcassets */,
				84F354E4254BE52200DA4AA6 /* LaunchScreen.storyboard */,
				84F354E7254BE52200DA4AA6 /* Info.plist */,
			);
			path = WeatherSearch;
			sourceTree = "<group>";
		};
		84F354EE254BE57900DA4AA6 /* Modules */ = {
			isa = PBXGroup;
			children = (
				84F3550C254C084A00DA4AA6 /* DetailWeather */,
				84F354EF254BE58200DA4AA6 /* Home */,
			);
			path = Modules;
			sourceTree = "<group>";
		};
		84F354EF254BE58200DA4AA6 /* Home */ = {
			isa = PBXGroup;
			children = (
				84F35502254BF1CC00DA4AA6 /* Cell */,
				84F354DD254BE51200DA4AA6 /* HomeViewController.swift */,
				84F354F1254BE5EF00DA4AA6 /* HomeViewModel.swift */,
			);
			path = Home;
			sourceTree = "<group>";
		};
		84F354F4254BE83B00DA4AA6 /* Services */ = {
			isa = PBXGroup;
			children = (
				84F354F5254BE85800DA4AA6 /* WeatherService.swift */,
				84F354FF254BEAEA00DA4AA6 /* EndpointBuilder.swift */,
			);
			path = Services;
			sourceTree = "<group>";
		};
		84F354F9254BE88000DA4AA6 /* Model */ = {
			isa = PBXGroup;
			children = (
				84F354FA254BE89100DA4AA6 /* WeatherCity.swift */,
			);
			path = Model;
			sourceTree = "<group>";
		};
		84F35502254BF1CC00DA4AA6 /* Cell */ = {
			isa = PBXGroup;
			children = (
				84F35507254BF20F00DA4AA6 /* WeatherCell.swift */,
				84F35508254BF20F00DA4AA6 /* WeatherCell.xib */,
			);
			path = Cell;
			sourceTree = "<group>";
		};
		84F3550C254C084A00DA4AA6 /* DetailWeather */ = {
			isa = PBXGroup;
			children = (
				84F3550D254C087100DA4AA6 /* DetailWeatherViewController.swift */,
				84F35511254C095F00DA4AA6 /* DetailWeatherViewModel.swift */,
			);
			path = DetailWeather;
			sourceTree = "<group>";
		};
/* End PBXGroup section */

/* Begin PBXNativeTarget section */
		84F354D5254BE51200DA4AA6 /* WeatherSearch */ = {
			isa = PBXNativeTarget;
			buildConfigurationList = 84F354EA254BE52300DA4AA6 /* Build configuration list for PBXNativeTarget "WeatherSearch" */;
			buildPhases = (
				84F354D2254BE51200DA4AA6 /* Sources */,
				84F354D3254BE51200DA4AA6 /* Frameworks */,
				84F354D4254BE51200DA4AA6 /* Resources */,
			);
			buildRules = (
			);
			dependencies = (
			);
			name = WeatherSearch;
			productName = WeatherSearch;
			productReference = 84F354D6254BE51200DA4AA6 /* WeatherSearch.app */;
			productType = "com.apple.product-type.application";
		};
/* End PBXNativeTarget section */

/* Begin PBXProject section */
		84F354CE254BE51200DA4AA6 /* Project object */ = {
			isa = PBXProject;
			attributes = {
				LastSwiftUpdateCheck = 1200;
				LastUpgradeCheck = 1200;
				TargetAttributes = {
					84F354D5254BE51200DA4AA6 = {
						CreatedOnToolsVersion = 12.0.1;
					};
				};
			};
			buildConfigurationList = 84F354D1254BE51200DA4AA6 /* Build configuration list for PBXProject "WeatherSearch" */;
			compatibilityVersion = "Xcode 9.3";
			developmentRegion = en;
			hasScannedForEncodings = 0;
			knownRegions = (
				en,
				Base,
			);
			mainGroup = 84F354CD254BE51200DA4AA6;
			productRefGroup = 84F354D7254BE51200DA4AA6 /* Products */;
			projectDirPath = "";
			projectRoot = "";
			targets = (
				84F354D5254BE51200DA4AA6 /* WeatherSearch */,
			);
		};
/* End PBXProject section */

/* Begin PBXResourcesBuildPhase section */
		84F354D4254BE51200DA4AA6 /* Resources */ = {
			isa = PBXResourcesBuildPhase;
			buildActionMask = 2147483647;
			files = (
				84F3550A254BF20F00DA4AA6 /* WeatherCell.xib in Resources */,
				84F354E6254BE52200DA4AA6 /* LaunchScreen.storyboard in Resources */,
				84F354E3254BE52200DA4AA6 /* Assets.xcassets in Resources */,
				84F354E1254BE51200DA4AA6 /* Main.storyboard in Resources */,
			);
			runOnlyForDeploymentPostprocessing = 0;
		};
/* End PBXResourcesBuildPhase section */

/* Begin PBXSourcesBuildPhase section */
		84F354D2254BE51200DA4AA6 /* Sources */ = {
			isa = PBXSourcesBuildPhase;
			buildActionMask = 2147483647;
			files = (
				84F354F6254BE85800DA4AA6 /* WeatherService.swift in Sources */,
				84F35500254BEAEA00DA4AA6 /* EndpointBuilder.swift in Sources */,
				84F354DE254BE51200DA4AA6 /* HomeViewController.swift in Sources */,
				84F3550E254C087100DA4AA6 /* DetailWeatherViewController.swift in Sources */,
				84F35512254C095F00DA4AA6 /* DetailWeatherViewModel.swift in Sources */,
				84F354DA254BE51200DA4AA6 /* AppDelegate.swift in Sources */,
				84F35509254BF20F00DA4AA6 /* WeatherCell.swift in Sources */,
				84F354DC254BE51200DA4AA6 /* SceneDelegate.swift in Sources */,
				84F354FB254BE89100DA4AA6 /* WeatherCity.swift in Sources */,
				84F354F2254BE5EF00DA4AA6 /* HomeViewModel.swift in Sources */,
			);
			runOnlyForDeploymentPostprocessing = 0;
		};
/* End PBXSourcesBuildPhase section */

/* Begin PBXVariantGroup section */
		84F354DF254BE51200DA4AA6 /* Main.storyboard */ = {
			isa = PBXVariantGroup;
			children = (
				84F354E0254BE51200DA4AA6 /* Base */,
			);
			name = Main.storyboard;
			sourceTree = "<group>";
		};
		84F354E4254BE52200DA4AA6 /* LaunchScreen.storyboard */ = {
			isa = PBXVariantGroup;
			children = (
				84F354E5254BE52200DA4AA6 /* Base */,
			);
			name = LaunchScreen.storyboard;
			sourceTree = "<group>";
		};
/* End PBXVariantGroup section */

/* Begin XCBuildConfiguration section */
		84F354E8254BE52200DA4AA6 /* Debug */ = {
			isa = XCBuildConfiguration;
			buildSettings = {
				ALWAYS_SEARCH_USER_PATHS = NO;
				CLANG_ANALYZER_NONNULL = YES;
				CLANG_ANALYZER_NUMBER_OBJECT_CONVERSION = YES_AGGRESSIVE;
				CLANG_CXX_LANGUAGE_STANDARD = "gnu++14";
				CLANG_CXX_LIBRARY = "libc++";
				CLANG_ENABLE_MODULES = YES;
				CLANG_ENABLE_OBJC_ARC = YES;
				CLANG_ENABLE_OBJC_WEAK = YES;
				CLANG_WARN_BLOCK_CAPTURE_AUTORELEASING = YES;
				CLANG_WARN_BOOL_CONVERSION = YES;
				CLANG_WARN_COMMA = YES;
				CLANG_WARN_CONSTANT_CONVERSION = YES;
				CLANG_WARN_DEPRECATED_OBJC_IMPLEMENTATIONS = YES;
				CLANG_WARN_DIRECT_OBJC_ISA_USAGE = YES_ERROR;
				CLANG_WARN_DOCUMENTATION_COMMENTS = YES;
				CLANG_WARN_EMPTY_BODY = YES;
				CLANG_WARN_ENUM_CONVERSION = YES;
				CLANG_WARN_INFINITE_RECURSION = YES;
				CLANG_WARN_INT_CONVERSION = YES;
				CLANG_WARN_NON_LITERAL_NULL_CONVERSION = YES;
				CLANG_WARN_OBJC_IMPLICIT_RETAIN_SELF = YES;
				CLANG_WARN_OBJC_LITERAL_CONVERSION = YES;
				CLANG_WARN_OBJC_ROOT_CLASS = YES_ERROR;
				CLANG_WARN_QUOTED_INCLUDE_IN_FRAMEWORK_HEADER = YES;
				CLANG_WARN_RANGE_LOOP_ANALYSIS = YES;
				CLANG_WARN_STRICT_PROTOTYPES = YES;
				CLANG_WARN_SUSPICIOUS_MOVE = YES;
				CLANG_WARN_UNGUARDED_AVAILABILITY = YES_AGGRESSIVE;
				CLANG_WARN_UNREACHABLE_CODE = YES;
				CLANG_WARN__DUPLICATE_METHOD_MATCH = YES;
				COPY_PHASE_STRIP = NO;
				DEBUG_INFORMATION_FORMAT = dwarf;
				ENABLE_STRICT_OBJC_MSGSEND = YES;
				ENABLE_TESTABILITY = YES;
				GCC_C_LANGUAGE_STANDARD = gnu11;
				GCC_DYNAMIC_NO_PIC = NO;
				GCC_NO_COMMON_BLOCKS = YES;
				GCC_OPTIMIZATION_LEVEL = 0;
				GCC_PREPROCESSOR_DEFINITIONS = (
					"DEBUG=1",
					"$(inherited)",
				);
				GCC_WARN_64_TO_32_BIT_CONVERSION = YES;
				GCC_WARN_ABOUT_RETURN_TYPE = YES_ERROR;
				GCC_WARN_UNDECLARED_SELECTOR = YES;
				GCC_WARN_UNINITIALIZED_AUTOS = YES_AGGRESSIVE;
				GCC_WARN_UNUSED_FUNCTION = YES;
				GCC_WARN_UNUSED_VARIABLE = YES;
				IPHONEOS_DEPLOYMENT_TARGET = 14.0;
				MTL_ENABLE_DEBUG_INFO = INCLUDE_SOURCE;
				MTL_FAST_MATH = YES;
				ONLY_ACTIVE_ARCH = YES;
				SDKROOT = iphoneos;
				SWIFT_ACTIVE_COMPILATION_CONDITIONS = DEBUG;
				SWIFT_OPTIMIZATION_LEVEL = "-Onone";
			};
			name = Debug;
		};
		84F354E9254BE52200DA4AA6 /* Release */ = {
			isa = XCBuildConfiguration;
			buildSettings = {
				ALWAYS_SEARCH_USER_PATHS = NO;
				CLANG_ANALYZER_NONNULL = YES;
				CLANG_ANALYZER_NUMBER_OBJECT_CONVERSION = YES_AGGRESSIVE;
				CLANG_CXX_LANGUAGE_STANDARD = "gnu++14";
				CLANG_CXX_LIBRARY = "libc++";
				CLANG_ENABLE_MODULES = YES;
				CLANG_ENABLE_OBJC_ARC = YES;
				CLANG_ENABLE_OBJC_WEAK = YES;
				CLANG_WARN_BLOCK_CAPTURE_AUTORELEASING = YES;
				CLANG_WARN_BOOL_CONVERSION = YES;
				CLANG_WARN_COMMA = YES;
				CLANG_WARN_CONSTANT_CONVERSION = YES;
				CLANG_WARN_DEPRECATED_OBJC_IMPLEMENTATIONS = YES;
				CLANG_WARN_DIRECT_OBJC_ISA_USAGE = YES_ERROR;
				CLANG_WARN_DOCUMENTATION_COMMENTS = YES;
				CLANG_WARN_EMPTY_BODY = YES;
				CLANG_WARN_ENUM_CONVERSION = YES;
				CLANG_WARN_INFINITE_RECURSION = YES;
				CLANG_WARN_INT_CONVERSION = YES;
				CLANG_WARN_NON_LITERAL_NULL_CONVERSION = YES;
				CLANG_WARN_OBJC_IMPLICIT_RETAIN_SELF = YES;
				CLANG_WARN_OBJC_LITERAL_CONVERSION = YES;
				CLANG_WARN_OBJC_ROOT_CLASS = YES_ERROR;
				CLANG_WARN_QUOTED_INCLUDE_IN_FRAMEWORK_HEADER = YES;
				CLANG_WARN_RANGE_LOOP_ANALYSIS = YES;
				CLANG_WARN_STRICT_PROTOTYPES = YES;
				CLANG_WARN_SUSPICIOUS_MOVE = YES;
				CLANG_WARN_UNGUARDED_AVAILABILITY = YES_AGGRESSIVE;
				CLANG_WARN_UNREACHABLE_CODE = YES;
				CLANG_WARN__DUPLICATE_METHOD_MATCH = YES;
				COPY_PHASE_STRIP = NO;
				DEBUG_INFORMATION_FORMAT = "dwarf-with-dsym";
				ENABLE_NS_ASSERTIONS = NO;
				ENABLE_STRICT_OBJC_MSGSEND = YES;
				GCC_C_LANGUAGE_STANDARD = gnu11;
				GCC_NO_COMMON_BLOCKS = YES;
				GCC_WARN_64_TO_32_BIT_CONVERSION = YES;
				GCC_WARN_ABOUT_RETURN_TYPE = YES_ERROR;
				GCC_WARN_UNDECLARED_SELECTOR = YES;
				GCC_WARN_UNINITIALIZED_AUTOS = YES_AGGRESSIVE;
				GCC_WARN_UNUSED_FUNCTION = YES;
				GCC_WARN_UNUSED_VARIABLE = YES;
				IPHONEOS_DEPLOYMENT_TARGET = 14.0;
				MTL_ENABLE_DEBUG_INFO = NO;
				MTL_FAST_MATH = YES;
				SDKROOT = iphoneos;
				SWIFT_COMPILATION_MODE = wholemodule;
				SWIFT_OPTIMIZATION_LEVEL = "-O";
				VALIDATE_PRODUCT = YES;
			};
			name = Release;
		};
		84F354EB254BE52300DA4AA6 /* Debug */ = {
			isa = XCBuildConfiguration;
			buildSettings = {
				ASSETCATALOG_COMPILER_APPICON_NAME = AppIcon;
				ASSETCATALOG_COMPILER_GLOBAL_ACCENT_COLOR_NAME = AccentColor;
				CODE_SIGN_STYLE = Automatic;
				INFOPLIST_FILE = WeatherSearch/Info.plist;
				LD_RUNPATH_SEARCH_PATHS = (
					"$(inherited)",
					"@executable_path/Frameworks",
				);
				PRODUCT_BUNDLE_IDENTIFIER = semenovdanil.WeatherSearch;
				PRODUCT_NAME = "$(TARGET_NAME)";
				SWIFT_VERSION = 5.0;
				TARGETED_DEVICE_FAMILY = "1,2";
			};
			name = Debug;
		};
		84F354EC254BE52300DA4AA6 /* Release */ = {
			isa = XCBuildConfiguration;
			buildSettings = {
				ASSETCATALOG_COMPILER_APPICON_NAME = AppIcon;
				ASSETCATALOG_COMPILER_GLOBAL_ACCENT_COLOR_NAME = AccentColor;
				CODE_SIGN_STYLE = Automatic;
				INFOPLIST_FILE = WeatherSearch/Info.plist;
				LD_RUNPATH_SEARCH_PATHS = (
					"$(inherited)",
					"@executable_path/Frameworks",
				);
				PRODUCT_BUNDLE_IDENTIFIER = semenovdanil.WeatherSearch;
				PRODUCT_NAME = "$(TARGET_NAME)";
				SWIFT_VERSION = 5.0;
				TARGETED_DEVICE_FAMILY = "1,2";
			};
			name = Release;
		};
/* End XCBuildConfiguration section */

/* Begin XCConfigurationList section */
		84F354D1254BE51200DA4AA6 /* Build configuration list for PBXProject "WeatherSearch" */ = {
			isa = XCConfigurationList;
			buildConfigurations = (
				84F354E8254BE52200DA4AA6 /* Debug */,
				84F354E9254BE52200DA4AA6 /* Release */,
			);
			defaultConfigurationIsVisible = 0;
			defaultConfigurationName = Release;
		};
		84F354EA254BE52300DA4AA6 /* Build configuration list for PBXNativeTarget "WeatherSearch" */ = {
			isa = XCConfigurationList;
			buildConfigurations = (
				84F354EB254BE52300DA4AA6 /* Debug */,
				84F354EC254BE52300DA4AA6 /* Release */,
			);
			defaultConfigurationIsVisible = 0;
			defaultConfigurationName = Release;
		};
/* End XCConfigurationList section */
	};
	rootObject = 84F354CE254BE51200DA4AA6 /* Project object */;
}
